
Microsoft Visual Studio Solution File, Format Version 11.00
# Visual Studio 2010
Project("{8BC9CEB8-8B4A-11D0-8D11-00A0C91BC942}") = "Jorm", "Jorm\Jorm.vcxproj", "{DDA1F230-84C3-4FCE-8605-13C22E1D8CE3}"
EndProject
Project("{8BC9CEB8-8B4A-11D0-8D11-00A0C91BC942}") = "Idb", "Idb\Idb.vcxproj", "{E50DE6BC-1408-426A-BB52-31F6D315445D}"
EndProject
Project("{8BC9CEB8-8B4A-11D0-8D11-00A0C91BC942}") = "Sqlit3", "Sqlit3\Sqlit3.vcxproj", "{3303B4E5-FACA-4BA5-8E67-F879DE8FFE38}"
EndProject
Project("{8BC9CEB8-8B4A-11D0-8D11-00A0C91BC942}") = "Common", "Common\Common.vcxproj", "{1837AED1-6C18-4990-A313-412A2A5B6FED}"
EndProject
Global
	GlobalSection(SolutionConfigurationPlatforms) = preSolution
		Debug|Win32 = Debug|Win32
		Release|Win32 = Release|Win32
	EndGlobalSection
	GlobalSection(ProjectConfigurationPlatforms) = postSolution
		{DDA1F230-84C3-4FCE-8605-13C22E1D8CE3}.Debug|Win32.ActiveCfg = Debug|Win32
		{DDA1F230-84C3-4FCE-8605-13C22E1D8CE3}.Debug|Win32.Build.0 = Debug|Win32
		{DDA1F230-84C3-4FCE-8605-13C22E1D8CE3}.Release|Win32.ActiveCfg = Release|Win32
		{DDA1F230-84C3-4FCE-8605-13C22E1D8CE3}.Release|Win32.Build.0 = Release|Win32
		{E50DE6BC-1408-426A-BB52-31F6D315445D}.Debug|Win32.ActiveCfg = Debug|Win32
		{E50DE6BC-1408-426A-BB52-31F6D315445D}.Debug|Win32.Build.0 = Debug|Win32
		{E50DE6BC-1408-426A-BB52-31F6D315445D}.Release|Win32.ActiveCfg = Release|Win32
		{E50DE6BC-1408-426A-BB52-31F6D315445D}.Release|Win32.Build.0 = Release|Win32
		{3303B4E5-FACA-4BA5-8E67-F879DE8FFE38}.Debug|Win32.ActiveCfg = Debug|Win32
		{3303B4E5-FACA-4BA5-8E67-F879DE8FFE38}.Debug|Win32.Build.0 = Debug|Win32
		{3303B4E5-FACA-4BA5-8E67-F879DE8FFE38}.Release|Win32.ActiveCfg = Release|Win32
		{3303B4E5-FACA-4BA5-8E67-F879DE8FFE38}.Release|Win32.Build.0 = Release|Win32
		{1837AED1-6C18-4990-A313-412A2A5B6FED}.Debug|Win32.ActiveCfg = Debug|Win32
		{1837AED1-6C18-4990-A313-412A2A5B6FED}.Debug|Win32.Build.0 = Debug|Win32
		{1837AED1-6C18-4990-A313-412A2A5B6FED}.Release|Win32.ActiveCfg = Release|Win32
		{1837AED1-6C18-4990-A313-412A2A5B6FED}.Release|Win32.Build.0 = Release|Win32
	EndGlobalSection
	GlobalSection(SolutionProperties) = preSolution
		HideSolutionNode = FALSE
	EndGlobalSection
EndGlobal
